PODS:
  - camera_avfoundation (0.0.1):
    - Flutter
  - device_display_brightness (0.0.1):
    - Flutter
  - Flutter (1.0.0)
  - gallery_saver (0.0.1):
    - Flutter
  - native_device_orientation (0.0.1):
    - Flutter
  - path_provider_ios (0.0.1):
    - Flutter
  - permission_handler_apple (9.0.4):
    - Flutter
  - share_plus (0.0.1):
    - Flutter
  - shared_preferences_ios (0.0.1):
    - Flutter
  - url_launcher_ios (0.0.1):
    - Flutter
  - video_player_avfoundation (0.0.1):
    - Flutter

DEPENDENCIES:
  - camera_avfoundation (from `.symlinks/plugins/camera_avfoundation/ios`)
  - device_display_brightness (from `.symlinks/plugins/device_display_brightness/ios`)
  - Flutter (from `Flutter`)
  - gallery_saver (from `.symlinks/plugins/gallery_saver/ios`)
  - native_device_orientation (from `.symlinks/plugins/native_device_orientation/ios`)
  - path_provider_ios (from `.symlinks/plugins/path_provider_ios/ios`)
  - permission_handler_apple (from `.symlinks/plugins/permission_handler_apple/ios`)
  - share_plus (from `.symlinks/plugins/share_plus/ios`)
  - shared_preferences_ios (from `.symlinks/plugins/shared_preferences_ios/ios`)
  - url_launcher_ios (from `.symlinks/plugins/url_launcher_ios/ios`)
  - video_player_avfoundation (from `.symlinks/plugins/video_player_avfoundation/ios`)

EXTERNAL SOURCES:
  camera_avfoundation:
    :path: ".symlinks/plugins/camera_avfoundation/ios"
  device_display_brightness:
    :path: ".symlinks/plugins/device_display_brightness/ios"
  Flutter:
    :path: Flutter
  gallery_saver:
    :path: ".symlinks/plugins/gallery_saver/ios"
  native_device_orientation:
    :path: ".symlinks/plugins/native_device_orientation/ios"
  path_provider_ios:
    :path: ".symlinks/plugins/path_provider_ios/ios"
  permission_handler_apple:
    :path: ".symlinks/plugins/permission_handler_apple/ios"
  share_plus:
    :path: ".symlinks/plugins/share_plus/ios"
  shared_preferences_ios:
    :path: ".symlinks/plugins/shared_preferences_ios/ios"
  url_launcher_ios:
    :path: ".symlinks/plugins/url_launcher_ios/ios"
  video_player_avfoundation:
    :path: ".symlinks/plugins/video_player_avfoundation/ios"

SPEC CHECKSUMS:
  camera_avfoundation: 07c77549ea54ad95d8581be86617c094a46280d9
  device_display_brightness: 1510e72c567a1f6ce6ffe393dcd9afd1426034f7
  Flutter: f04841e97a9d0b0a8025694d0796dd46242b2854
  gallery_saver: 9fc173c9f4fcc48af53b2a9ebea1b643255be542
  native_device_orientation: 3b4cfc9565a7b879cc4fde282b3e27745e852d0d
  path_provider_ios: 14f3d2fd28c4fdb42f44e0f751d12861c43cee02
  permission_handler_apple: 44366e37eaf29454a1e7b1b7d736c2cceaeb17ce
  share_plus: 056a1e8ac890df3e33cb503afffaf1e9b4fbae68
  shared_preferences_ios: 548a61f8053b9b8a49ac19c1ffbc8b92c50d68ad
  url_launcher_ios: 839c58cdb4279282219f5e248c3321761ff3c4de
  video_player_avfoundation: e489aac24ef5cf7af82702979ed16f2a5ef84cff

PODFILE CHECKSUM: be0f5ca35e3e9231f2ad3c301846dbed52ab6bc3

COCOAPODS: 1.11.3
